<?xml version="1.0" encoding="UTF-8" standalone="yes" ?>
<CodeBlocks_project_file>
	<FileVersion major="1" minor="6" />
	<Project>
		<Option title="n_dimensional_renderer" />
		<Option pch_mode="2" />
		<Option compiler="gcc" />
		<Build>
			<Target title="Debug">
				<Option output="bin/Debug/n_dimensional_renderer" prefix_auto="1" extension_auto="1" />
				<Option object_output="obj/Debug/" />
				<Option type="1" />
				<Option compiler="gcc" />
				<Compiler>
					<Add option="-g" />
				</Compiler>
			</Target>
			<Target title="Release">
				<Option output="bin/Release/n_dimensional_renderer" prefix_auto="1" extension_auto="1" />
				<Option object_output="obj/Release/" />
				<Option type="1" />
				<Option compiler="gcc" />
				<Compiler>
					<Add option="-O2" />
				</Compiler>
				<Linker>
					<Add option="-s" />
				</Linker>
			</Target>
		</Build>
		<Compiler>
			<Add option="-Wall" />
		</Compiler>
		<Unit filename="src/main.c">
			<Option compilerVar="CC" />
		</Unit>
		<Unit filename="src/structs/point.c">
			<Option compilerVar="CC" />
		</Unit>
		<Unit filename="src/structs/point.h" />
		<Unit filename="src/structs/pointarray.c">
			<Option compilerVar="CC" />
		</Unit>
		<Unit filename="src/structs/pointarray.h" />
		<Unit filename="src/structs/polytope.c">
			<Option compilerVar="CC" />
		</Unit>
		<Unit filename="src/structs/polytope.h" />
		<Unit filename="src/structs/simplex.c">
			<Option compilerVar="CC" />
		</Unit>
		<Unit filename="src/structs/simplex.h" />
		<Unit filename="src/structs/simplexarray.c">
			<Option compilerVar="CC" />
		</Unit>
		<Unit filename="src/structs/simplexarray.h" />
		<Extensions>
			<code_completion />
			<envvars />
			<debugger />
		</Extensions>
	</Project>
</CodeBlocks_project_file>
